
Microsoft Visual Studio Solution File, Format Version 12.00
# Visual Studio Version 17
VisualStudioVersion = 17.0.31717.71
MinimumVisualStudioVersion = 10.0.40219.1
Project("{FAE04EC0-301F-11D3-BF4B-00C04F79EFBC}") = "common", "common\common.csproj", "{D2AD3167-045B-499A-96E1-508E6F347FE2}"
EndProject
Project("{FAE04EC0-301F-11D3-BF4B-00C04F79EFBC}") = "extractor", "extractor\extractor.csproj", "{6A59D750-4B39-4693-AE22-A4029B32738D}"
EndProject
Project("{FAE04EC0-301F-11D3-BF4B-00C04F79EFBC}") = "creator", "creator\creator.csproj", "{A28389A9-30B7-4756-9BD9-294632DFC3E4}"
EndProject
Global
	GlobalSection(SolutionConfigurationPlatforms) = preSolution
		Debug|Any CPU = Debug|Any CPU
		Release|Any CPU = Release|Any CPU
	EndGlobalSection
	GlobalSection(ProjectConfigurationPlatforms) = postSolution
		{D2AD3167-045B-499A-96E1-508E6F347FE2}.Debug|Any CPU.ActiveCfg = Debug|Any CPU
		{D2AD3167-045B-499A-96E1-508E6F347FE2}.Debug|Any CPU.Build.0 = Debug|Any CPU
		{D2AD3167-045B-499A-96E1-508E6F347FE2}.Release|Any CPU.ActiveCfg = Release|Any CPU
		{D2AD3167-045B-499A-96E1-508E6F347FE2}.Release|Any CPU.Build.0 = Release|Any CPU
		{6A59D750-4B39-4693-AE22-A4029B32738D}.Debug|Any CPU.ActiveCfg = Debug|Any CPU
		{6A59D750-4B39-4693-AE22-A4029B32738D}.Debug|Any CPU.Build.0 = Debug|Any CPU
		{6A59D750-4B39-4693-AE22-A4029B32738D}.Release|Any CPU.ActiveCfg = Release|Any CPU
		{6A59D750-4B39-4693-AE22-A4029B32738D}.Release|Any CPU.Build.0 = Release|Any CPU
		{A28389A9-30B7-4756-9BD9-294632DFC3E4}.Debug|Any CPU.ActiveCfg = Debug|Any CPU
		{A28389A9-30B7-4756-9BD9-294632DFC3E4}.Debug|Any CPU.Build.0 = Debug|Any CPU
		{A28389A9-30B7-4756-9BD9-294632DFC3E4}.Release|Any CPU.ActiveCfg = Release|Any CPU
		{A28389A9-30B7-4756-9BD9-294632DFC3E4}.Release|Any CPU.Build.0 = Release|Any CPU
	EndGlobalSection
	GlobalSection(SolutionProperties) = preSolution
		HideSolutionNode = FALSE
	EndGlobalSection
	GlobalSection(ExtensibilityGlobals) = postSolution
		SolutionGuid = {17D7B27A-E790-4D65-901F-1AB20C0B49A3}
	EndGlobalSection
EndGlobal
